
Microsoft Visual Studio Solution File, Format Version 12.00
# Visual Studio Version 17
VisualStudioVersion = 17.2.32519.379
MinimumVisualStudioVersion = 10.0.40219.1
Project("{FAE04EC0-301F-11D3-BF4B-00C04F79EFBC}") = "pryGraffiIE", "pryGraffiIE\pryGraffiIE.csproj", "{D47F7B2C-D378-41E8-8AB8-B9749775062C}"
EndProject
Global
	GlobalSection(SolutionConfigurationPlatforms) = preSolution
		Debug|Any CPU = Debug|Any CPU
		Release|Any CPU = Release|Any CPU
	EndGlobalSection
	GlobalSection(ProjectConfigurationPlatforms) = postSolution
		{D47F7B2C-D378-41E8-8AB8-B9749775062C}.Debug|Any CPU.ActiveCfg = Debug|Any CPU
		{D47F7B2C-D378-41E8-8AB8-B9749775062C}.Debug|Any CPU.Build.0 = Debug|Any CPU
		{D47F7B2C-D378-41E8-8AB8-B9749775062C}.Release|Any CPU.ActiveCfg = Release|Any CPU
		{D47F7B2C-D378-41E8-8AB8-B9749775062C}.Release|Any CPU.Build.0 = Release|Any CPU
	EndGlobalSection
	GlobalSection(SolutionProperties) = preSolution
		HideSolutionNode = FALSE
	EndGlobalSection
	GlobalSection(ExtensibilityGlobals) = postSolution
		SolutionGuid = {70ADDE2C-E5AA-4906-B35E-294F5BFED5B7}
	EndGlobalSection
EndGlobal
